// !$*UTF8*$!
{
	archiveVersion = 1;
	classes = {
	};
	objectVersion = 56;
	objects = {

/* Begin PBXBuildFile section */
		0F547E922A58D9E70054DD14 /* AppDelegate.swift in Sources */ = {isa = PBXBuildFile; fileRef = 0F547E912A58D9E70054DD14 /* AppDelegate.swift */; };
		0F547E942A58D9E70054DD14 /* SceneDelegate.swift in Sources */ = {isa = PBXBuildFile; fileRef = 0F547E932A58D9E70054DD14 /* SceneDelegate.swift */; };
		0F547E962A58D9E70054DD14 /* ViewController.swift in Sources */ = {isa = PBXBuildFile; fileRef = 0F547E952A58D9E70054DD14 /* ViewController.swift */; };
		0F547E992A58D9E70054DD14 /* Main.storyboard in Resources */ = {isa = PBXBuildFile; fileRef = 0F547E972A58D9E70054DD14 /* Main.storyboard */; };
		0F547E9B2A58D9EA0054DD14 /* Assets.xcassets in Resources */ = {isa = PBXBuildFile; fileRef = 0F547E9A2A58D9EA0054DD14 /* Assets.xcassets */; };
		0F547E9E2A58D9EA0054DD14 /* LaunchScreen.storyboard in Resources */ = {isa = PBXBuildFile; fileRef = 0F547E9C2A58D9EA0054DD14 /* LaunchScreen.storyboard */; };
		0F547EA92A58D9EA0054DD14 /* m8Tests.swift in Sources */ = {isa = PBXBuildFile; fileRef = 0F547EA82A58D9EA0054DD14 /* m8Tests.swift */; };
		0F547EB32A58D9EA0054DD14 /* m8UITests.swift in Sources */ = {isa = PBXBuildFile; fileRef = 0F547EB22A58D9EA0054DD14 /* m8UITests.swift */; };
		0F547EB52A58D9EA0054DD14 /* m8UITestsLaunchTests.swift in Sources */ = {isa = PBXBuildFile; fileRef = 0F547EB42A58D9EA0054DD14 /* m8UITestsLaunchTests.swift */; };
/* End PBXBuildFile section */

/* Begin PBXContainerItemProxy section */
		0F547EA52A58D9EA0054DD14 /* PBXContainerItemProxy */ = {
			isa = PBXContainerItemProxy;
			containerPortal = 0F547E862A58D9E70054DD14 /* Project object */;
			proxyType = 1;
			remoteGlobalIDString = 0F547E8D2A58D9E70054DD14;
			remoteInfo = m8;
		};
		0F547EAF2A58D9EA0054DD14 /* PBXContainerItemProxy */ = {
			isa = PBXContainerItemProxy;
			containerPortal = 0F547E862A58D9E70054DD14 /* Project object */;
			proxyType = 1;
			remoteGlobalIDString = 0F547E8D2A58D9E70054DD14;
			remoteInfo = m8;
		};
/* End PBXContainerItemProxy section */

/* Begin PBXFileReference section */
		0F547E8E2A58D9E70054DD14 /* m8.app */ = {isa = PBXFileReference; explicitFileType = wrapper.application; includeInIndex = 0; path = m8.app; sourceTree = BUILT_PRODUCTS_DIR; };
		0F547E912A58D9E70054DD14 /* AppDelegate.swift */ = {isa = PBXFileReference; lastKnownFileType = sourcecode.swift; path = AppDelegate.swift; sourceTree = "<group>"; };
		0F547E932A58D9E70054DD14 /* SceneDelegate.swift */ = {isa = PBXFileReference; lastKnownFileType = sourcecode.swift; path = SceneDelegate.swift; sourceTree = "<group>"; };
		0F547E952A58D9E70054DD14 /* ViewController.swift */ = {isa = PBXFileReference; lastKnownFileType = sourcecode.swift; path = ViewController.swift; sourceTree = "<group>"; };
		0F547E982A58D9E70054DD14 /* Base */ = {isa = PBXFileReference; lastKnownFileType = file.storyboard; name = Base; path = Base.lproj/Main.storyboard; sourceTree = "<group>"; };
		0F547E9A2A58D9EA0054DD14 /* Assets.xcassets */ = {isa = PBXFileReference; lastKnownFileType = folder.assetcatalog; path = Assets.xcassets; sourceTree = "<group>"; };
		0F547E9D2A58D9EA0054DD14 /* Base */ = {isa = PBXFileReference; lastKnownFileType = file.storyboard; name = Base; path = Base.lproj/LaunchScreen.storyboard; sourceTree = "<group>"; };
		0F547E9F2A58D9EA0054DD14 /* Info.plist */ = {isa = PBXFileReference; lastKnownFileType = text.plist.xml; path = Info.plist; sourceTree = "<group>"; };
		0F547EA42A58D9EA0054DD14 /* m8Tests.xctest */ = {isa = PBXFileReference; explicitFileType = wrapper.cfbundle; includeInIndex = 0; path = m8Tests.xctest; sourceTree = BUILT_PRODUCTS_DIR; };
		0F547EA82A58D9EA0054DD14 /* m8Tests.swift */ = {isa = PBXFileReference; lastKnownFileType = sourcecode.swift; path = m8Tests.swift; sourceTree = "<group>"; };
		0F547EAE2A58D9EA0054DD14 /* m8UITests.xctest */ = {isa = PBXFileReference; explicitFileType = wrapper.cfbundle; includeInIndex = 0; path = m8UITests.xctest; sourceTree = BUILT_PRODUCTS_DIR; };
		0F547EB22A58D9EA0054DD14 /* m8UITests.swift */ = {isa = PBXFileReference; lastKnownFileType = sourcecode.swift; path = m8UITests.swift; sourceTree = "<group>"; };
		0F547EB42A58D9EA0054DD14 /* m8UITestsLaunchTests.swift */ = {isa = PBXFileReference; lastKnownFileType = sourcecode.swift; path = m8UITestsLaunchTests.swift; sourceTree = "<group>"; };
/* End PBXFileReference section */

/* Begin PBXFrameworksBuildPhase section */
		0F547E8B2A58D9E70054DD14 /* Frameworks */ = {
			isa = PBXFrameworksBuildPhase;
			buildActionMask = 2147483647;
			files = (
			);
			runOnlyForDeploymentPostprocessing = 0;
		};
		0F547EA12A58D9EA0054DD14 /* Frameworks */ = {
			isa = PBXFrameworksBuildPhase;
			buildActionMask = 2147483647;
			files = (
			);
			runOnlyForDeploymentPostprocessing = 0;
		};
		0F547EAB2A58D9EA0054DD14 /* Frameworks */ = {
			isa = PBXFrameworksBuildPhase;
			buildActionMask = 2147483647;
			files = (
			);
			runOnlyForDeploymentPostprocessing = 0;
		};
/* End PBXFrameworksBuildPhase section */

/* Begin PBXGroup section */
		0F547E852A58D9E70054DD14 = {
			isa = PBXGroup;
			children = (
				0F547E902A58D9E70054DD14 /* m8 */,
				0F547EA72A58D9EA0054DD14 /* m8Tests */,
				0F547EB12A58D9EA0054DD14 /* m8UITests */,
				0F547E8F2A58D9E70054DD14 /* Products */,
			);
			sourceTree = "<group>";
		};
		0F547E8F2A58D9E70054DD14 /* Products */ = {
			isa = PBXGroup;
			children = (
				0F547E8E2A58D9E70054DD14 /* m8.app */,
				0F547EA42A58D9EA0054DD14 /* m8Tests.xctest */,
				0F547EAE2A58D9EA0054DD14 /* m8UITests.xctest */,
			);
			name = Products;
			sourceTree = "<group>";
		};
		0F547E902A58D9E70054DD14 /* m8 */ = {
			isa = PBXGroup;
			children = (
				0F547E912A58D9E70054DD14 /* AppDelegate.swift */,
				0F547E932A58D9E70054DD14 /* SceneDelegate.swift */,
				0F547E952A58D9E70054DD14 /* ViewController.swift */,
				0F547E972A58D9E70054DD14 /* Main.storyboard */,
				0F547E9A2A58D9EA0054DD14 /* Assets.xcassets */,
				0F547E9C2A58D9EA0054DD14 /* LaunchScreen.storyboard */,
				0F547E9F2A58D9EA0054DD14 /* Info.plist */,
			);
			path = m8;
			sourceTree = "<group>";
		};
		0F547EA72A58D9EA0054DD14 /* m8Tests */ = {
			isa = PBXGroup;
			children = (
				0F547EA82A58D9EA0054DD14 /* m8Tests.swift */,
			);
			path = m8Tests;
			sourceTree = "<group>";
		};
		0F547EB12A58D9EA0054DD14 /* m8UITests */ = {
			isa = PBXGroup;
			children = (
				0F547EB22A58D9EA0054DD14 /* m8UITests.swift */,
				0F547EB42A58D9EA0054DD14 /* m8UITestsLaunchTests.swift */,
			);
			path = m8UITests;
			sourceTree = "<group>";
		};
/* End PBXGroup section */

/* Begin PBXNativeTarget section */
		0F547E8D2A58D9E70054DD14 /* m8 */ = {
			isa = PBXNativeTarget;
			buildConfigurationList = 0F547EB82A58D9EA0054DD14 /* Build configuration list for PBXNativeTarget "m8" */;
			buildPhases = (
				0F547E8A2A58D9E70054DD14 /* Sources */,
				0F547E8B2A58D9E70054DD14 /* Frameworks */,
				0F547E8C2A58D9E70054DD14 /* Resources */,
			);
			buildRules = (
			);
			dependencies = (
			);
			name = m8;
			productName = m8;
			productReference = 0F547E8E2A58D9E70054DD14 /* m8.app */;
			productType = "com.apple.product-type.application";
		};
		0F547EA32A58D9EA0054DD14 /* m8Tests */ = {
			isa = PBXNativeTarget;
			buildConfigurationList = 0F547EBB2A58D9EA0054DD14 /* Build configuration list for PBXNativeTarget "m8Tests" */;
			buildPhases = (
				0F547EA02A58D9EA0054DD14 /* Sources */,
				0F547EA12A58D9EA0054DD14 /* Frameworks */,
				0F547EA22A58D9EA0054DD14 /* Resources */,
			);
			buildRules = (
			);
			dependencies = (
				0F547EA62A58D9EA0054DD14 /* PBXTargetDependency */,
			);
			name = m8Tests;
			productName = m8Tests;
			productReference = 0F547EA42A58D9EA0054DD14 /* m8Tests.xctest */;
			productType = "com.apple.product-type.bundle.unit-test";
		};
		0F547EAD2A58D9EA0054DD14 /* m8UITests */ = {
			isa = PBXNativeTarget;
			buildConfigurationList = 0F547EBE2A58D9EA0054DD14 /* Build configuration list for PBXNativeTarget "m8UITests" */;
			buildPhases = (
				0F547EAA2A58D9EA0054DD14 /* Sources */,
				0F547EAB2A58D9EA0054DD14 /* Frameworks */,
				0F547EAC2A58D9EA0054DD14 /* Resources */,
			);
			buildRules = (
			);
			dependencies = (
				0F547EB02A58D9EA0054DD14 /* PBXTargetDependency */,
			);
			name = m8UITests;
			productName = m8UITests;
			productReference = 0F547EAE2A58D9EA0054DD14 /* m8UITests.xctest */;
			productType = "com.apple.product-type.bundle.ui-testing";
		};
/* End PBXNativeTarget section */

/* Begin PBXProject section */
		0F547E862A58D9E70054DD14 /* Project object */ = {
			isa = PBXProject;
			attributes = {
				BuildIndependentTargetsInParallel = 1;
				LastSwiftUpdateCheck = 1500;
				LastUpgradeCheck = 1500;
				TargetAttributes = {
					0F547E8D2A58D9E70054DD14 = {
						CreatedOnToolsVersion = 15.0;
					};
					0F547EA32A58D9EA0054DD14 = {
						CreatedOnToolsVersion = 15.0;
						TestTargetID = 0F547E8D2A58D9E70054DD14;
					};
					0F547EAD2A58D9EA0054DD14 = {
						CreatedOnToolsVersion = 15.0;
						TestTargetID = 0F547E8D2A58D9E70054DD14;
					};
				};
			};
			buildConfigurationList = 0F547E892A58D9E70054DD14 /* Build configuration list for PBXProject "m8" */;
			compatibilityVersion = "Xcode 14.0";
			developmentRegion = en;
			hasScannedForEncodings = 0;
			knownRegions = (
				en,
				Base,
			);
			mainGroup = 0F547E852A58D9E70054DD14;
			productRefGroup = 0F547E8F2A58D9E70054DD14 /* Products */;
			projectDirPath = "";
			projectRoot = "";
			targets = (
				0F547E8D2A58D9E70054DD14 /* m8 */,
				0F547EA32A58D9EA0054DD14 /* m8Tests */,
				0F547EAD2A58D9EA0054DD14 /* m8UITests */,
			);
		};
/* End PBXProject section */

/* Begin PBXResourcesBuildPhase section */
		0F547E8C2A58D9E70054DD14 /* Resources */ = {
			isa = PBXResourcesBuildPhase;
			buildActionMask = 2147483647;
			files = (
				0F547E9E2A58D9EA0054DD14 /* LaunchScreen.storyboard in Resources */,
				0F547E9B2A58D9EA0054DD14 /* Assets.xcassets in Resources */,
				0F547E992A58D9E70054DD14 /* Main.storyboard in Resources */,
			);
			runOnlyForDeploymentPostprocessing = 0;
		};
		0F547EA22A58D9EA0054DD14 /* Resources */ = {
			isa = PBXResourcesBuildPhase;
			buildActionMask = 2147483647;
			files = (
			);
			runOnlyForDeploymentPostprocessing = 0;
		};
		0F547EAC2A58D9EA0054DD14 /* Resources */ = {
			isa = PBXResourcesBuildPhase;
			buildActionMask = 2147483647;
			files = (
			);
			runOnlyForDeploymentPostprocessing = 0;
		};
/* End PBXResourcesBuildPhase section */

/* Begin PBXSourcesBuildPhase section */
		0F547E8A2A58D9E70054DD14 /* Sources */ = {
			isa = PBXSourcesBuildPhase;
			buildActionMask = 2147483647;
			files = (
				0F547E962A58D9E70054DD14 /* ViewController.swift in Sources */,
				0F547E922A58D9E70054DD14 /* AppDelegate.swift in Sources */,
				0F547E942A58D9E70054DD14 /* SceneDelegate.swift in Sources */,
			);
			runOnlyForDeploymentPostprocessing = 0;
		};
		0F547EA02A58D9EA0054DD14 /* Sources */ = {
			isa = PBXSourcesBuildPhase;
			buildActionMask = 2147483647;
			files = (
				0F547EA92A58D9EA0054DD14 /* m8Tests.swift in Sources */,
			);
			runOnlyForDeploymentPostprocessing = 0;
		};
		0F547EAA2A58D9EA0054DD14 /* Sources */ = {
			isa = PBXSourcesBuildPhase;
			buildActionMask = 2147483647;
			files = (
				0F547EB32A58D9EA0054DD14 /* m8UITests.swift in Sources */,
				0F547EB52A58D9EA0054DD14 /* m8UITestsLaunchTests.swift in Sources */,
			);
			runOnlyForDeploymentPostprocessing = 0;
		};
/* End PBXSourcesBuildPhase section */

/* Begin PBXTargetDependency section */
		0F547EA62A58D9EA0054DD14 /* PBXTargetDependency */ = {
			isa = PBXTargetDependency;
			target = 0F547E8D2A58D9E70054DD14 /* m8 */;
			targetProxy = 0F547EA52A58D9EA0054DD14 /* PBXContainerItemProxy */;
		};
		0F547EB02A58D9EA0054DD14 /* PBXTargetDependency */ = {
			isa = PBXTargetDependency;
			target = 0F547E8D2A58D9E70054DD14 /* m8 */;
			targetProxy = 0F547EAF2A58D9EA0054DD14 /* PBXContainerItemProxy */;
		};
/* End PBXTargetDependency section */

/* Begin PBXVariantGroup section */
		0F547E972A58D9E70054DD14 /* Main.storyboard */ = {
			isa = PBXVariantGroup;
			children = (
				0F547E982A58D9E70054DD14 /* Base */,
			);
			name = Main.storyboard;
			sourceTree = "<group>";
		};
		0F547E9C2A58D9EA0054DD14 /* LaunchScreen.storyboard */ = {
			isa = PBXVariantGroup;
			children = (
				0F547E9D2A58D9EA0054DD14 /* Base */,
			);
			name = LaunchScreen.storyboard;
			sourceTree = "<group>";
		};
/* End PBXVariantGroup section */

/* Begin XCBuildConfiguration section */
		0F547EB62A58D9EA0054DD14 /* Debug */ = {
			isa = XCBuildConfiguration;
			buildSettings = {
				ALWAYS_SEARCH_USER_PATHS = NO;
				ASSETCATALOG_COMPILER_GENERATE_SWIFT_ASSET_SYMBOL_EXTENSIONS = YES;
				CLANG_ANALYZER_NONNULL = YES;
				CLANG_ANALYZER_NUMBER_OBJECT_CONVERSION = YES_AGGRESSIVE;
				CLANG_CXX_LANGUAGE_STANDARD = "gnu++20";
				CLANG_ENABLE_MODULES = YES;
				CLANG_ENABLE_OBJC_ARC = YES;
				CLANG_ENABLE_OBJC_WEAK = YES;
				CLANG_WARN_BLOCK_CAPTURE_AUTORELEASING = YES;
				CLANG_WARN_BOOL_CONVERSION = YES;
				CLANG_WARN_COMMA = YES;
				CLANG_WARN_CONSTANT_CONVERSION = YES;
				CLANG_WARN_DEPRECATED_OBJC_IMPLEMENTATIONS = YES;
				CLANG_WARN_DIRECT_OBJC_ISA_USAGE = YES_ERROR;
				CLANG_WARN_DOCUMENTATION_COMMENTS = YES;
				CLANG_WARN_EMPTY_BODY = YES;
				CLANG_WARN_ENUM_CONVERSION = YES;
				CLANG_WARN_INFINITE_RECURSION = YES;
				CLANG_WARN_INT_CONVERSION = YES;
				CLANG_WARN_NON_LITERAL_NULL_CONVERSION = YES;
				CLANG_WARN_OBJC_IMPLICIT_RETAIN_SELF = YES;
				CLANG_WARN_OBJC_LITERAL_CONVERSION = YES;
				CLANG_WARN_OBJC_ROOT_CLASS = YES_ERROR;
				CLANG_WARN_QUOTED_INCLUDE_IN_FRAMEWORK_HEADER = YES;
				CLANG_WARN_RANGE_LOOP_ANALYSIS = YES;
				CLANG_WARN_STRICT_PROTOTYPES = YES;
				CLANG_WARN_SUSPICIOUS_MOVE = YES;
				CLANG_WARN_UNGUARDED_AVAILABILITY = YES_AGGRESSIVE;
				CLANG_WARN_UNREACHABLE_CODE = YES;
				CLANG_WARN__DUPLICATE_METHOD_MATCH = YES;
				COPY_PHASE_STRIP = NO;
				DEBUG_INFORMATION_FORMAT = dwarf;
				ENABLE_STRICT_OBJC_MSGSEND = YES;
				ENABLE_TESTABILITY = YES;
				ENABLE_USER_SCRIPT_SANDBOXING = YES;
				GCC_C_LANGUAGE_STANDARD = gnu17;
				GCC_DYNAMIC_NO_PIC = NO;
				GCC_NO_COMMON_BLOCKS = YES;
				GCC_OPTIMIZATION_LEVEL = 0;
				GCC_PREPROCESSOR_DEFINITIONS = (
					"DEBUG=1",
					"$(inherited)",
				);
				GCC_WARN_64_TO_32_BIT_CONVERSION = YES;
				GCC_WARN_ABOUT_RETURN_TYPE = YES_ERROR;
				GCC_WARN_UNDECLARED_SELECTOR = YES;
				GCC_WARN_UNINITIALIZED_AUTOS = YES_AGGRESSIVE;
				GCC_WARN_UNUSED_FUNCTION = YES;
				GCC_WARN_UNUSED_VARIABLE = YES;
				IPHONEOS_DEPLOYMENT_TARGET = 17.0;
				LOCALIZATION_PREFERS_STRING_CATALOGS = YES;
				MTL_ENABLE_DEBUG_INFO = INCLUDE_SOURCE;
				MTL_FAST_MATH = YES;
				ONLY_ACTIVE_ARCH = YES;
				SDKROOT = iphoneos;
				SWIFT_ACTIVE_COMPILATION_CONDITIONS = "DEBUG $(inherited)";
				SWIFT_OPTIMIZATION_LEVEL = "-Onone";
			};
			name = Debug;
		};
		0F547EB72A58D9EA0054DD14 /* Release */ = {
			isa = XCBuildConfiguration;
			buildSettings = {
				ALWAYS_SEARCH_USER_PATHS = NO;
				ASSETCATALOG_COMPILER_GENERATE_SWIFT_ASSET_SYMBOL_EXTENSIONS = YES;
				CLANG_ANALYZER_NONNULL = YES;
				CLANG_ANALYZER_NUMBER_OBJECT_CONVERSION = YES_AGGRESSIVE;
				CLANG_CXX_LANGUAGE_STANDARD = "gnu++20";
				CLANG_ENABLE_MODULES = YES;
				CLANG_ENABLE_OBJC_ARC = YES;
				CLANG_ENABLE_OBJC_WEAK = YES;
				CLANG_WARN_BLOCK_CAPTURE_AUTORELEASING = YES;
				CLANG_WARN_BOOL_CONVERSION = YES;
				CLANG_WARN_COMMA = YES;
				CLANG_WARN_CONSTANT_CONVERSION = YES;
				CLANG_WARN_DEPRECATED_OBJC_IMPLEMENTATIONS = YES;
				CLANG_WARN_DIRECT_OBJC_ISA_USAGE = YES_ERROR;
				CLANG_WARN_DOCUMENTATION_COMMENTS = YES;
				CLANG_WARN_EMPTY_BODY = YES;
				CLANG_WARN_ENUM_CONVERSION = YES;
				CLANG_WARN_INFINITE_RECURSION = YES;
				CLANG_WARN_INT_CONVERSION = YES;
				CLANG_WARN_NON_LITERAL_NULL_CONVERSION = YES;
				CLANG_WARN_OBJC_IMPLICIT_RETAIN_SELF = YES;
				CLANG_WARN_OBJC_LITERAL_CONVERSION = YES;
				CLANG_WARN_OBJC_ROOT_CLASS = YES_ERROR;
				CLANG_WARN_QUOTED_INCLUDE_IN_FRAMEWORK_HEADER = YES;
				CLANG_WARN_RANGE_LOOP_ANALYSIS = YES;
				CLANG_WARN_STRICT_PROTOTYPES = YES;
				CLANG_WARN_SUSPICIOUS_MOVE = YES;
				CLANG_WARN_UNGUARDED_AVAILABILITY = YES_AGGRESSIVE;
				CLANG_WARN_UNREACHABLE_CODE = YES;
				CLANG_WARN__DUPLICATE_METHOD_MATCH = YES;
				COPY_PHASE_STRIP = NO;
				DEBUG_INFORMATION_FORMAT = "dwarf-with-dsym";
				ENABLE_NS_ASSERTIONS = NO;
				ENABLE_STRICT_OBJC_MSGSEND = YES;
				ENABLE_USER_SCRIPT_SANDBOXING = YES;
				GCC_C_LANGUAGE_STANDARD = gnu17;
				GCC_NO_COMMON_BLOCKS = YES;
				GCC_WARN_64_TO_32_BIT_CONVERSION = YES;
				GCC_WARN_ABOUT_RETURN_TYPE = YES_ERROR;
				GCC_WARN_UNDECLARED_SELECTOR = YES;
				GCC_WARN_UNINITIALIZED_AUTOS = YES_AGGRESSIVE;
				GCC_WARN_UNUSED_FUNCTION = YES;
				GCC_WARN_UNUSED_VARIABLE = YES;
				IPHONEOS_DEPLOYMENT_TARGET = 17.0;
				LOCALIZATION_PREFERS_STRING_CATALOGS = YES;
				MTL_ENABLE_DEBUG_INFO = NO;
				MTL_FAST_MATH = YES;
				SDKROOT = iphoneos;
				SWIFT_COMPILATION_MODE = wholemodule;
				VALIDATE_PRODUCT = YES;
			};
			name = Release;
		};
		0F547EB92A58D9EA0054DD14 /* Debug */ = {
			isa = XCBuildConfiguration;
			buildSettings = {
				ASSETCATALOG_COMPILER_APPICON_NAME = AppIcon;
				ASSETCATALOG_COMPILER_GLOBAL_ACCENT_COLOR_NAME = AccentColor;
				CODE_SIGN_STYLE = Automatic;
				CURRENT_PROJECT_VERSION = 1;
				DEVELOPMENT_TEAM = CC5N4PDPYA;
				GENERATE_INFOPLIST_FILE = YES;
				INFOPLIST_FILE = m8/Info.plist;
				INFOPLIST_KEY_UIApplicationSupportsIndirectInputEvents = YES;
				INFOPLIST_KEY_UILaunchStoryboardName = LaunchScreen;
				INFOPLIST_KEY_UIMainStoryboardFile = Main;
				INFOPLIST_KEY_UISupportedInterfaceOrientations_iPad = "UIInterfaceOrientationPortrait UIInterfaceOrientationPortraitUpsideDown UIInterfaceOrientationLandscapeLeft UIInterfaceOrientationLandscapeRight";
				INFOPLIST_KEY_UISupportedInterfaceOrientations_iPhone = "UIInterfaceOrientationPortrait UIInterfaceOrientationLandscapeLeft UIInterfaceOrientationLandscapeRight";
				LD_RUNPATH_SEARCH_PATHS = (
					"$(inherited)",
					"@executable_path/Frameworks",
				);
				MARKETING_VERSION = 1.0;
				PRODUCT_BUNDLE_IDENTIFIER = com.victorstudio.m8;
				PRODUCT_NAME = "$(TARGET_NAME)";
				SWIFT_EMIT_LOC_STRINGS = YES;
				SWIFT_VERSION = 5.0;
				TARGETED_DEVICE_FAMILY = "1,2";
			};
			name = Debug;
		};
		0F547EBA2A58D9EA0054DD14 /* Release */ = {
			isa = XCBuildConfiguration;
			buildSettings = {
				ASSETCATALOG_COMPILER_APPICON_NAME = AppIcon;
				ASSETCATALOG_COMPILER_GLOBAL_ACCENT_COLOR_NAME = AccentColor;
				CODE_SIGN_STYLE = Automatic;
				CURRENT_PROJECT_VERSION = 1;
				DEVELOPMENT_TEAM = CC5N4PDPYA;
				GENERATE_INFOPLIST_FILE = YES;
				INFOPLIST_FILE = m8/Info.plist;
				INFOPLIST_KEY_UIApplicationSupportsIndirectInputEvents = YES;
				INFOPLIST_KEY_UILaunchStoryboardName = LaunchScreen;
				INFOPLIST_KEY_UIMainStoryboardFile = Main;
				INFOPLIST_KEY_UISupportedInterfaceOrientations_iPad = "UIInterfaceOrientationPortrait UIInterfaceOrientationPortraitUpsideDown UIInterfaceOrientationLandscapeLeft UIInterfaceOrientationLandscapeRight";
				INFOPLIST_KEY_UISupportedInterfaceOrientations_iPhone = "UIInterfaceOrientationPortrait UIInterfaceOrientationLandscapeLeft UIInterfaceOrientationLandscapeRight";
				LD_RUNPATH_SEARCH_PATHS = (
					"$(inherited)",
					"@executable_path/Frameworks",
				);
				MARKETING_VERSION = 1.0;
				PRODUCT_BUNDLE_IDENTIFIER = com.victorstudio.m8;
				PRODUCT_NAME = "$(TARGET_NAME)";
				SWIFT_EMIT_LOC_STRINGS = YES;
				SWIFT_VERSION = 5.0;
				TARGETED_DEVICE_FAMILY = "1,2";
			};
			name = Release;
		};
		0F547EBC2A58D9EA0054DD14 /* Debug */ = {
			isa = XCBuildConfiguration;
			buildSettings = {
				ALWAYS_EMBED_SWIFT_STANDARD_LIBRARIES = YES;
				BUNDLE_LOADER = "$(TEST_HOST)";
				CODE_SIGN_STYLE = Automatic;
				CURRENT_PROJECT_VERSION = 1;
				DEVELOPMENT_TEAM = CC5N4PDPYA;
				GENERATE_INFOPLIST_FILE = YES;
				IPHONEOS_DEPLOYMENT_TARGET = 17.0;
				MARKETING_VERSION = 1.0;
				PRODUCT_BUNDLE_IDENTIFIER = com.victorstudio.m8Tests;
				PRODUCT_NAME = "$(TARGET_NAME)";
				SWIFT_EMIT_LOC_STRINGS = NO;
				SWIFT_VERSION = 5.0;
				TARGETED_DEVICE_FAMILY = "1,2";
				TEST_HOST = "$(BUILT_PRODUCTS_DIR)/m8.app/$(BUNDLE_EXECUTABLE_FOLDER_PATH)/m8";
			};
			name = Debug;
		};
		0F547EBD2A58D9EA0054DD14 /* Release */ = {
			isa = XCBuildConfiguration;
			buildSettings = {
				ALWAYS_EMBED_SWIFT_STANDARD_LIBRARIES = YES;
				BUNDLE_LOADER = "$(TEST_HOST)";
				CODE_SIGN_STYLE = Automatic;
				CURRENT_PROJECT_VERSION = 1;
				DEVELOPMENT_TEAM = CC5N4PDPYA;
				GENERATE_INFOPLIST_FILE = YES;
				IPHONEOS_DEPLOYMENT_TARGET = 17.0;
				MARKETING_VERSION = 1.0;
				PRODUCT_BUNDLE_IDENTIFIER = com.victorstudio.m8Tests;
				PRODUCT_NAME = "$(TARGET_NAME)";
				SWIFT_EMIT_LOC_STRINGS = NO;
				SWIFT_VERSION = 5.0;
				TARGETED_DEVICE_FAMILY = "1,2";
				TEST_HOST = "$(BUILT_PRODUCTS_DIR)/m8.app/$(BUNDLE_EXECUTABLE_FOLDER_PATH)/m8";
			};
			name = Release;
		};
		0F547EBF2A58D9EA0054DD14 /* Debug */ = {
			isa = XCBuildConfiguration;
			buildSettings = {
				ALWAYS_EMBED_SWIFT_STANDARD_LIBRARIES = YES;
				CODE_SIGN_STYLE = Automatic;
				CURRENT_PROJECT_VERSION = 1;
				DEVELOPMENT_TEAM = CC5N4PDPYA;
				GENERATE_INFOPLIST_FILE = YES;
				MARKETING_VERSION = 1.0;
				PRODUCT_BUNDLE_IDENTIFIER = com.victorstudio.m8UITests;
				PRODUCT_NAME = "$(TARGET_NAME)";
				SWIFT_EMIT_LOC_STRINGS = NO;
				SWIFT_VERSION = 5.0;
				TARGETED_DEVICE_FAMILY = "1,2";
				TEST_TARGET_NAME = m8;
			};
			name = Debug;
		};
		0F547EC02A58D9EA0054DD14 /* Release */ = {
			isa = XCBuildConfiguration;
			buildSettings = {
				ALWAYS_EMBED_SWIFT_STANDARD_LIBRARIES = YES;
				CODE_SIGN_STYLE = Automatic;
				CURRENT_PROJECT_VERSION = 1;
				DEVELOPMENT_TEAM = CC5N4PDPYA;
				GENERATE_INFOPLIST_FILE = YES;
				MARKETING_VERSION = 1.0;
				PRODUCT_BUNDLE_IDENTIFIER = com.victorstudio.m8UITests;
				PRODUCT_NAME = "$(TARGET_NAME)";
				SWIFT_EMIT_LOC_STRINGS = NO;
				SWIFT_VERSION = 5.0;
				TARGETED_DEVICE_FAMILY = "1,2";
				TEST_TARGET_NAME = m8;
			};
			name = Release;
		};
/* End XCBuildConfiguration section */

/* Begin XCConfigurationList section */
		0F547E892A58D9E70054DD14 /* Build configuration list for PBXProject "m8" */ = {
			isa = XCConfigurationList;
			buildConfigurations = (
				0F547EB62A58D9EA0054DD14 /* Debug */,
				0F547EB72A58D9EA0054DD14 /* Release */,
			);
			defaultConfigurationIsVisible = 0;
			defaultConfigurationName = Release;
		};
		0F547EB82A58D9EA0054DD14 /* Build configuration list for PBXNativeTarget "m8" */ = {
			isa = XCConfigurationList;
			buildConfigurations = (
				0F547EB92A58D9EA0054DD14 /* Debug */,
				0F547EBA2A58D9EA0054DD14 /* Release */,
			);
			defaultConfigurationIsVisible = 0;
			defaultConfigurationName = Release;
		};
		0F547EBB2A58D9EA0054DD14 /* Build configuration list for PBXNativeTarget "m8Tests" */ = {
			isa = XCConfigurationList;
			buildConfigurations = (
				0F547EBC2A58D9EA0054DD14 /* Debug */,
				0F547EBD2A58D9EA0054DD14 /* Release */,
			);
			defaultConfigurationIsVisible = 0;
			defaultConfigurationName = Release;
		};
		0F547EBE2A58D9EA0054DD14 /* Build configuration list for PBXNativeTarget "m8UITests" */ = {
			isa = XCConfigurationList;
			buildConfigurations = (
				0F547EBF2A58D9EA0054DD14 /* Debug */,
				0F547EC02A58D9EA0054DD14 /* Release */,
			);
			defaultConfigurationIsVisible = 0;
			defaultConfigurationName = Release;
		};
/* End XCConfigurationList section */
	};
	rootObject = 0F547E862A58D9E70054DD14 /* Project object */;
}
